// !$*UTF8*$!
{
	archiveVersion = 1;
	classes = {
	};
	objectVersion = 50;
	objects = {

/* Begin PBXBuildFile section */
		2DDDC0701F3809FF9AD80ECE /* Pods_Todoey.framework in Frameworks */ = {isa = PBXBuildFile; fileRef = D244C21FA468D368AEC10DA3 /* Pods_Todoey.framework */; };
		CD3DB9CF20BEC5EF001B613A /* LaunchScreen.storyboard in Resources */ = {isa = PBXBuildFile; fileRef = CD3DB9CE20BEC5EF001B613A /* LaunchScreen.storyboard */; };
		CD42960C20C277CC00EF2B85 /* SwipeTableViewController.swift in Sources */ = {isa = PBXBuildFile; fileRef = CD42960B20C277CC00EF2B85 /* SwipeTableViewController.swift */; };
		CD43C80020C12E7E0072EA7F /* Item.swift in Sources */ = {isa = PBXBuildFile; fileRef = CD43C7FF20C12E7E0072EA7F /* Item.swift */; };
		CD43C80220C12F5B0072EA7F /* Category.swift in Sources */ = {isa = PBXBuildFile; fileRef = CD43C80120C12F5B0072EA7F /* Category.swift */; };
		CD51354220C01C6A0095B412 /* CategoryViewController.swift in Sources */ = {isa = PBXBuildFile; fileRef = CD51354120C01C6A0095B412 /* CategoryViewController.swift */; };
		CD99D9C920BE94FB00A45569 /* AppDelegate.swift in Sources */ = {isa = PBXBuildFile; fileRef = CD99D9C820BE94FB00A45569 /* AppDelegate.swift */; };
		CD99D9CB20BE94FB00A45569 /* ToDoListViewController.swift in Sources */ = {isa = PBXBuildFile; fileRef = CD99D9CA20BE94FB00A45569 /* ToDoListViewController.swift */; };
		CD99D9CE20BE94FB00A45569 /* Main.storyboard in Resources */ = {isa = PBXBuildFile; fileRef = CD99D9CC20BE94FB00A45569 /* Main.storyboard */; };
		CD99D9D020BE94FE00A45569 /* Assets.xcassets in Resources */ = {isa = PBXBuildFile; fileRef = CD99D9CF20BE94FE00A45569 /* Assets.xcassets */; };
/* End PBXBuildFile section */

/* Begin PBXFileReference section */
		974461A964454ADF4417671F /* Pods-Todoey.debug.xcconfig */ = {isa = PBXFileReference; includeInIndex = 1; lastKnownFileType = text.xcconfig; name = "Pods-Todoey.debug.xcconfig"; path = "Pods/Target Support Files/Pods-Todoey/Pods-Todoey.debug.xcconfig"; sourceTree = "<group>"; };
		CD3DB9CE20BEC5EF001B613A /* LaunchScreen.storyboard */ = {isa = PBXFileReference; fileEncoding = 4; lastKnownFileType = file.storyboard; path = LaunchScreen.storyboard; sourceTree = "<group>"; };
		CD42960B20C277CC00EF2B85 /* SwipeTableViewController.swift */ = {isa = PBXFileReference; lastKnownFileType = sourcecode.swift; path = SwipeTableViewController.swift; sourceTree = "<group>"; };
		CD43C7FF20C12E7E0072EA7F /* Item.swift */ = {isa = PBXFileReference; lastKnownFileType = sourcecode.swift; path = Item.swift; sourceTree = "<group>"; };
		CD43C80120C12F5B0072EA7F /* Category.swift */ = {isa = PBXFileReference; lastKnownFileType = sourcecode.swift; path = Category.swift; sourceTree = "<group>"; };
		CD51354120C01C6A0095B412 /* CategoryViewController.swift */ = {isa = PBXFileReference; lastKnownFileType = sourcecode.swift; path = CategoryViewController.swift; sourceTree = "<group>"; };
		CD559FED48627CEC49D51D8B /* Pods-Todoey.release.xcconfig */ = {isa = PBXFileReference; includeInIndex = 1; lastKnownFileType = text.xcconfig; name = "Pods-Todoey.release.xcconfig"; path = "Pods/Target Support Files/Pods-Todoey/Pods-Todoey.release.xcconfig"; sourceTree = "<group>"; };
		CD99D9C520BE94FB00A45569 /* Todoey.app */ = {isa = PBXFileReference; explicitFileType = wrapper.application; includeInIndex = 0; path = Todoey.app; sourceTree = BUILT_PRODUCTS_DIR; };
		CD99D9C820BE94FB00A45569 /* AppDelegate.swift */ = {isa = PBXFileReference; lastKnownFileType = sourcecode.swift; path = AppDelegate.swift; sourceTree = "<group>"; };
		CD99D9CA20BE94FB00A45569 /* ToDoListViewController.swift */ = {isa = PBXFileReference; lastKnownFileType = sourcecode.swift; path = ToDoListViewController.swift; sourceTree = "<group>"; };
		CD99D9CD20BE94FB00A45569 /* Base */ = {isa = PBXFileReference; lastKnownFileType = file.storyboard; name = Base; path = Base.lproj/Main.storyboard; sourceTree = "<group>"; };
		CD99D9CF20BE94FE00A45569 /* Assets.xcassets */ = {isa = PBXFileReference; lastKnownFileType = folder.assetcatalog; path = Assets.xcassets; sourceTree = "<group>"; };
		CD99D9D420BE94FE00A45569 /* Info.plist */ = {isa = PBXFileReference; lastKnownFileType = text.plist.xml; path = Info.plist; sourceTree = "<group>"; };
		D244C21FA468D368AEC10DA3 /* Pods_Todoey.framework */ = {isa = PBXFileReference; explicitFileType = wrapper.framework; includeInIndex = 0; path = Pods_Todoey.framework; sourceTree = BUILT_PRODUCTS_DIR; };
/* End PBXFileReference section */

/* Begin PBXFrameworksBuildPhase section */
		CD99D9C220BE94FB00A45569 /* Frameworks */ = {
			isa = PBXFrameworksBuildPhase;
			buildActionMask = 2147483647;
			files = (
				2DDDC0701F3809FF9AD80ECE /* Pods_Todoey.framework in Frameworks */,
			);
			runOnlyForDeploymentPostprocessing = 0;
		};
/* End PBXFrameworksBuildPhase section */

/* Begin PBXGroup section */
		54DE8096ADA2A41B3E9AAEF0 /* Pods */ = {
			isa = PBXGroup;
			children = (
				974461A964454ADF4417671F /* Pods-Todoey.debug.xcconfig */,
				CD559FED48627CEC49D51D8B /* Pods-Todoey.release.xcconfig */,
			);
			name = Pods;
			sourceTree = "<group>";
		};
		C328D025B2518F9FCAA593F8 /* Frameworks */ = {
			isa = PBXGroup;
			children = (
				D244C21FA468D368AEC10DA3 /* Pods_Todoey.framework */,
			);
			name = Frameworks;
			sourceTree = "<group>";
		};
		CD491E8920BF932B001B5C8C /* Model */ = {
			isa = PBXGroup;
			children = (
				CD43C7FF20C12E7E0072EA7F /* Item.swift */,
				CD43C80120C12F5B0072EA7F /* Category.swift */,
			);
			path = Model;
			sourceTree = "<group>";
		};
		CD491E8A20BF9335001B5C8C /* Controller */ = {
			isa = PBXGroup;
			children = (
				CD51354120C01C6A0095B412 /* CategoryViewController.swift */,
				CD99D9CA20BE94FB00A45569 /* ToDoListViewController.swift */,
				CD42960B20C277CC00EF2B85 /* SwipeTableViewController.swift */,
			);
			path = Controller;
			sourceTree = "<group>";
		};
		CD491E8B20BF934D001B5C8C /* Supporting Files */ = {
			isa = PBXGroup;
			children = (
				CD3DB9CE20BEC5EF001B613A /* LaunchScreen.storyboard */,
				CD99D9CF20BE94FE00A45569 /* Assets.xcassets */,
			);
			path = "Supporting Files";
			sourceTree = "<group>";
		};
		CD491E8C20BF935E001B5C8C /* View */ = {
			isa = PBXGroup;
			children = (
				CD99D9CC20BE94FB00A45569 /* Main.storyboard */,
			);
			path = View;
			sourceTree = "<group>";
		};
		CD99D9BC20BE94FB00A45569 = {
			isa = PBXGroup;
			children = (
				CD99D9C720BE94FB00A45569 /* Todoey */,
				CD99D9C620BE94FB00A45569 /* Products */,
				54DE8096ADA2A41B3E9AAEF0 /* Pods */,
				C328D025B2518F9FCAA593F8 /* Frameworks */,
			);
			sourceTree = "<group>";
		};
		CD99D9C620BE94FB00A45569 /* Products */ = {
			isa = PBXGroup;
			children = (
				CD99D9C520BE94FB00A45569 /* Todoey.app */,
			);
			name = Products;
			sourceTree = "<group>";
		};
		CD99D9C720BE94FB00A45569 /* Todoey */ = {
			isa = PBXGroup;
			children = (
				CD99D9C820BE94FB00A45569 /* AppDelegate.swift */,
				CD491E8920BF932B001B5C8C /* Model */,
				CD491E8A20BF9335001B5C8C /* Controller */,
				CD491E8C20BF935E001B5C8C /* View */,
				CD491E8B20BF934D001B5C8C /* Supporting Files */,
				CD99D9D420BE94FE00A45569 /* Info.plist */,
			);
			path = Todoey;
			sourceTree = "<group>";
		};
/* End PBXGroup section */

/* Begin PBXNativeTarget section */
		CD99D9C420BE94FB00A45569 /* Todoey */ = {
			isa = PBXNativeTarget;
			buildConfigurationList = CD99D9D720BE94FE00A45569 /* Build configuration list for PBXNativeTarget "Todoey" */;
			buildPhases = (
				ABCC4AB68AD7BF32B884741D /* [CP] Check Pods Manifest.lock */,
				CD99D9C120BE94FB00A45569 /* Sources */,
				CD99D9C220BE94FB00A45569 /* Frameworks */,
				CD99D9C320BE94FB00A45569 /* Resources */,
				167B8359B15D1C3D7D0B8C37 /* [CP] Embed Pods Frameworks */,
			);
			buildRules = (
			);
			dependencies = (
			);
			name = Todoey;
			productName = Todoey;
			productReference = CD99D9C520BE94FB00A45569 /* Todoey.app */;
			productType = "com.apple.product-type.application";
		};
/* End PBXNativeTarget section */

/* Begin PBXProject section */
		CD99D9BD20BE94FB00A45569 /* Project object */ = {
			isa = PBXProject;
			attributes = {
				LastSwiftUpdateCheck = 0940;
				LastUpgradeCheck = 0940;
				ORGANIZATIONNAME = "Wong Seng Wee";
				TargetAttributes = {
					CD99D9C420BE94FB00A45569 = {
						CreatedOnToolsVersion = 9.4;
					};
				};
			};
			buildConfigurationList = CD99D9C020BE94FB00A45569 /* Build configuration list for PBXProject "Todoey" */;
			compatibilityVersion = "Xcode 9.3";
			developmentRegion = en;
			hasScannedForEncodings = 0;
			knownRegions = (
				en,
				Base,
			);
			mainGroup = CD99D9BC20BE94FB00A45569;
			productRefGroup = CD99D9C620BE94FB00A45569 /* Products */;
			projectDirPath = "";
			projectRoot = "";
			targets = (
				CD99D9C420BE94FB00A45569 /* Todoey */,
			);
		};
/* End PBXProject section */

/* Begin PBXResourcesBuildPhase section */
		CD99D9C320BE94FB00A45569 /* Resources */ = {
			isa = PBXResourcesBuildPhase;
			buildActionMask = 2147483647;
			files = (
				CD3DB9CF20BEC5EF001B613A /* LaunchScreen.storyboard in Resources */,
				CD99D9D020BE94FE00A45569 /* Assets.xcassets in Resources */,
				CD99D9CE20BE94FB00A45569 /* Main.storyboard in Resources */,
			);
			runOnlyForDeploymentPostprocessing = 0;
		};
/* End PBXResourcesBuildPhase section */

/* Begin PBXShellScriptBuildPhase section */
		167B8359B15D1C3D7D0B8C37 /* [CP] Embed Pods Frameworks */ = {
			isa = PBXShellScriptBuildPhase;
			buildActionMask = 2147483647;
			files = (
			);
			inputPaths = (
				"${SRCROOT}/Pods/Target Support Files/Pods-Todoey/Pods-Todoey-frameworks.sh",
				"${BUILT_PRODUCTS_DIR}/Realm/Realm.framework",
				"${BUILT_PRODUCTS_DIR}/RealmSwift/RealmSwift.framework",
				"${BUILT_PRODUCTS_DIR}/SwipeCellKit/SwipeCellKit.framework",
			);
			name = "[CP] Embed Pods Frameworks";
			outputPaths = (
				"${TARGET_BUILD_DIR}/${FRAMEWORKS_FOLDER_PATH}/Realm.framework",
				"${TARGET_BUILD_DIR}/${FRAMEWORKS_FOLDER_PATH}/RealmSwift.framework",
				"${TARGET_BUILD_DIR}/${FRAMEWORKS_FOLDER_PATH}/SwipeCellKit.framework",
			);
			runOnlyForDeploymentPostprocessing = 0;
			shellPath = /bin/sh;
			shellScript = "\"${SRCROOT}/Pods/Target Support Files/Pods-Todoey/Pods-Todoey-frameworks.sh\"\n";
			showEnvVarsInLog = 0;
		};
		ABCC4AB68AD7BF32B884741D /* [CP] Check Pods Manifest.lock */ = {
			isa = PBXShellScriptBuildPhase;
			buildActionMask = 2147483647;
			files = (
			);
			inputPaths = (
				"${PODS_PODFILE_DIR_PATH}/Podfile.lock",
				"${PODS_ROOT}/Manifest.lock",
			);
			name = "[CP] Check Pods Manifest.lock";
			outputPaths = (
				"$(DERIVED_FILE_DIR)/Pods-Todoey-checkManifestLockResult.txt",
			);
			runOnlyForDeploymentPostprocessing = 0;
			shellPath = /bin/sh;
			shellScript = "diff \"${PODS_PODFILE_DIR_PATH}/Podfile.lock\" \"${PODS_ROOT}/Manifest.lock\" > /dev/null\nif [ $? != 0 ] ; then\n    # print error to STDERR\n    echo \"error: The sandbox is not in sync with the Podfile.lock. Run 'pod install' or update your CocoaPods installation.\" >&2\n    exit 1\nfi\n# This output is used by Xcode 'outputs' to avoid re-running this script phase.\necho \"SUCCESS\" > \"${SCRIPT_OUTPUT_FILE_0}\"\n";
			showEnvVarsInLog = 0;
		};
/* End PBXShellScriptBuildPhase section */

/* Begin PBXSourcesBuildPhase section */
		CD99D9C120BE94FB00A45569 /* Sources */ = {
			isa = PBXSourcesBuildPhase;
			buildActionMask = 2147483647;
			files = (
				CD43C80020C12E7E0072EA7F /* Item.swift in Sources */,
				CD43C80220C12F5B0072EA7F /* Category.swift in Sources */,
				CD51354220C01C6A0095B412 /* CategoryViewController.swift in Sources */,
				CD99D9CB20BE94FB00A45569 /* ToDoListViewController.swift in Sources */,
				CD42960C20C277CC00EF2B85 /* SwipeTableViewController.swift in Sources */,
				CD99D9C920BE94FB00A45569 /* AppDelegate.swift in Sources */,
			);
			runOnlyForDeploymentPostprocessing = 0;
		};
/* End PBXSourcesBuildPhase section */

/* Begin PBXVariantGroup section */
		CD99D9CC20BE94FB00A45569 /* Main.storyboard */ = {
			isa = PBXVariantGroup;
			children = (
				CD99D9CD20BE94FB00A45569 /* Base */,
			);
			name = Main.storyboard;
			sourceTree = "<group>";
		};
/* End PBXVariantGroup section */

/* Begin XCBuildConfiguration section */
		CD99D9D520BE94FE00A45569 /* Debug */ = {
			isa = XCBuildConfiguration;
			buildSettings = {
				ALWAYS_SEARCH_USER_PATHS = NO;
				CLANG_ANALYZER_NONNULL = YES;
				CLANG_ANALYZER_NUMBER_OBJECT_CONVERSION = YES_AGGRESSIVE;
				CLANG_CXX_LANGUAGE_STANDARD = "gnu++14";
				CLANG_CXX_LIBRARY = "libc++";
				CLANG_ENABLE_MODULES = YES;
				CLANG_ENABLE_OBJC_ARC = YES;
				CLANG_ENABLE_OBJC_WEAK = YES;
				CLANG_WARN_BLOCK_CAPTURE_AUTORELEASING = YES;
				CLANG_WARN_BOOL_CONVERSION = YES;
				CLANG_WARN_COMMA = YES;
				CLANG_WARN_CONSTANT_CONVERSION = YES;
				CLANG_WARN_DEPRECATED_OBJC_IMPLEMENTATIONS = YES;
				CLANG_WARN_DIRECT_OBJC_ISA_USAGE = YES_ERROR;
				CLANG_WARN_DOCUMENTATION_COMMENTS = YES;
				CLANG_WARN_EMPTY_BODY = YES;
				CLANG_WARN_ENUM_CONVERSION = YES;
				CLANG_WARN_INFINITE_RECURSION = YES;
				CLANG_WARN_INT_CONVERSION = YES;
				CLANG_WARN_NON_LITERAL_NULL_CONVERSION = YES;
				CLANG_WARN_OBJC_IMPLICIT_RETAIN_SELF = YES;
				CLANG_WARN_OBJC_LITERAL_CONVERSION = YES;
				CLANG_WARN_OBJC_ROOT_CLASS = YES_ERROR;
				CLANG_WARN_RANGE_LOOP_ANALYSIS = YES;
				CLANG_WARN_STRICT_PROTOTYPES = YES;
				CLANG_WARN_SUSPICIOUS_MOVE = YES;
				CLANG_WARN_UNGUARDED_AVAILABILITY = YES_AGGRESSIVE;
				CLANG_WARN_UNREACHABLE_CODE = YES;
				CLANG_WARN__DUPLICATE_METHOD_MATCH = YES;
				CODE_SIGN_IDENTITY = "iPhone Developer";
				COPY_PHASE_STRIP = NO;
				DEBUG_INFORMATION_FORMAT = dwarf;
				ENABLE_STRICT_OBJC_MSGSEND = YES;
				ENABLE_TESTABILITY = YES;
				GCC_C_LANGUAGE_STANDARD = gnu11;
				GCC_DYNAMIC_NO_PIC = NO;
				GCC_NO_COMMON_BLOCKS = YES;
				GCC_OPTIMIZATION_LEVEL = 0;
				GCC_PREPROCESSOR_DEFINITIONS = (
					"DEBUG=1",
					"$(inherited)",
				);
				GCC_WARN_64_TO_32_BIT_CONVERSION = YES;
				GCC_WARN_ABOUT_RETURN_TYPE = YES_ERROR;
				GCC_WARN_UNDECLARED_SELECTOR = YES;
				GCC_WARN_UNINITIALIZED_AUTOS = YES_AGGRESSIVE;
				GCC_WARN_UNUSED_FUNCTION = YES;
				GCC_WARN_UNUSED_VARIABLE = YES;
				IPHONEOS_DEPLOYMENT_TARGET = 11.4;
				MTL_ENABLE_DEBUG_INFO = YES;
				ONLY_ACTIVE_ARCH = YES;
				SDKROOT = iphoneos;
				SWIFT_ACTIVE_COMPILATION_CONDITIONS = DEBUG;
				SWIFT_OPTIMIZATION_LEVEL = "-Onone";
			};
			name = Debug;
		};
		CD99D9D620BE94FE00A45569 /* Release */ = {
			isa = XCBuildConfiguration;
			buildSettings = {
				ALWAYS_SEARCH_USER_PATHS = NO;
				CLANG_ANALYZER_NONNULL = YES;
				CLANG_ANALYZER_NUMBER_OBJECT_CONVERSION = YES_AGGRESSIVE;
				CLANG_CXX_LANGUAGE_STANDARD = "gnu++14";
				CLANG_CXX_LIBRARY = "libc++";
				CLANG_ENABLE_MODULES = YES;
				CLANG_ENABLE_OBJC_ARC = YES;
				CLANG_ENABLE_OBJC_WEAK = YES;
				CLANG_WARN_BLOCK_CAPTURE_AUTORELEASING = YES;
				CLANG_WARN_BOOL_CONVERSION = YES;
				CLANG_WARN_COMMA = YES;
				CLANG_WARN_CONSTANT_CONVERSION = YES;
				CLANG_WARN_DEPRECATED_OBJC_IMPLEMENTATIONS = YES;
				CLANG_WARN_DIRECT_OBJC_ISA_USAGE = YES_ERROR;
				CLANG_WARN_DOCUMENTATION_COMMENTS = YES;
				CLANG_WARN_EMPTY_BODY = YES;
				CLANG_WARN_ENUM_CONVERSION = YES;
				CLANG_WARN_INFINITE_RECURSION = YES;
				CLANG_WARN_INT_CONVERSION = YES;
				CLANG_WARN_NON_LITERAL_NULL_CONVERSION = YES;
				CLANG_WARN_OBJC_IMPLICIT_RETAIN_SELF = YES;
				CLANG_WARN_OBJC_LITERAL_CONVERSION = YES;
				CLANG_WARN_OBJC_ROOT_CLASS = YES_ERROR;
				CLANG_WARN_RANGE_LOOP_ANALYSIS = YES;
				CLANG_WARN_STRICT_PROTOTYPES = YES;
				CLANG_WARN_SUSPICIOUS_MOVE = YES;
				CLANG_WARN_UNGUARDED_AVAILABILITY = YES_AGGRESSIVE;
				CLANG_WARN_UNREACHABLE_CODE = YES;
				CLANG_WARN__DUPLICATE_METHOD_MATCH = YES;
				CODE_SIGN_IDENTITY = "iPhone Developer";
				COPY_PHASE_STRIP = NO;
				DEBUG_INFORMATION_FORMAT = "dwarf-with-dsym";
				ENABLE_NS_ASSERTIONS = NO;
				ENABLE_STRICT_OBJC_MSGSEND = YES;
				GCC_C_LANGUAGE_STANDARD = gnu11;
				GCC_NO_COMMON_BLOCKS = YES;
				GCC_WARN_64_TO_32_BIT_CONVERSION = YES;
				GCC_WARN_ABOUT_RETURN_TYPE = YES_ERROR;
				GCC_WARN_UNDECLARED_SELECTOR = YES;
				GCC_WARN_UNINITIALIZED_AUTOS = YES_AGGRESSIVE;
				GCC_WARN_UNUSED_FUNCTION = YES;
				GCC_WARN_UNUSED_VARIABLE = YES;
				IPHONEOS_DEPLOYMENT_TARGET = 11.4;
				MTL_ENABLE_DEBUG_INFO = NO;
				SDKROOT = iphoneos;
				SWIFT_COMPILATION_MODE = wholemodule;
				SWIFT_OPTIMIZATION_LEVEL = "-O";
				VALIDATE_PRODUCT = YES;
			};
			name = Release;
		};
		CD99D9D820BE94FE00A45569 /* Debug */ = {
			isa = XCBuildConfiguration;
			baseConfigurationReference = 974461A964454ADF4417671F /* Pods-Todoey.debug.xcconfig */;
			buildSettings = {
				ASSETCATALOG_COMPILER_APPICON_NAME = AppIcon;
				CODE_SIGN_STYLE = Automatic;
				DEVELOPMENT_TEAM = BX8YSB8QKY;
				INFOPLIST_FILE = Todoey/Info.plist;
				IPHONEOS_DEPLOYMENT_TARGET = 11.0;
				LD_RUNPATH_SEARCH_PATHS = (
					"$(inherited)",
					"@executable_path/Frameworks",
				);
				PRODUCT_BUNDLE_IDENTIFIER = com.skyblue.Todoey;
				PRODUCT_NAME = "$(TARGET_NAME)";
				SWIFT_VERSION = 4.0;
				TARGETED_DEVICE_FAMILY = "1,2";
			};
			name = Debug;
		};
		CD99D9D920BE94FE00A45569 /* Release */ = {
			isa = XCBuildConfiguration;
			baseConfigurationReference = CD559FED48627CEC49D51D8B /* Pods-Todoey.release.xcconfig */;
			buildSettings = {
				ASSETCATALOG_COMPILER_APPICON_NAME = AppIcon;
				CODE_SIGN_STYLE = Automatic;
				DEVELOPMENT_TEAM = BX8YSB8QKY;
				INFOPLIST_FILE = Todoey/Info.plist;
				IPHONEOS_DEPLOYMENT_TARGET = 11.0;
				LD_RUNPATH_SEARCH_PATHS = (
					"$(inherited)",
					"@executable_path/Frameworks",
				);
				PRODUCT_BUNDLE_IDENTIFIER = com.skyblue.Todoey;
				PRODUCT_NAME = "$(TARGET_NAME)";
				SWIFT_VERSION = 4.0;
				TARGETED_DEVICE_FAMILY = "1,2";
			};
			name = Release;
		};
/* End XCBuildConfiguration section */

/* Begin XCConfigurationList section */
		CD99D9C020BE94FB00A45569 /* Build configuration list for PBXProject "Todoey" */ = {
			isa = XCConfigurationList;
			buildConfigurations = (
				CD99D9D520BE94FE00A45569 /* Debug */,
				CD99D9D620BE94FE00A45569 /* Release */,
			);
			defaultConfigurationIsVisible = 0;
			defaultConfigurationName = Release;
		};
		CD99D9D720BE94FE00A45569 /* Build configuration list for PBXNativeTarget "Todoey" */ = {
			isa = XCConfigurationList;
			buildConfigurations = (
				CD99D9D820BE94FE00A45569 /* Debug */,
				CD99D9D920BE94FE00A45569 /* Release */,
			);
			defaultConfigurationIsVisible = 0;
			defaultConfigurationName = Release;
		};
/* End XCConfigurationList section */
	};
	rootObject = CD99D9BD20BE94FB00A45569 /* Project object */;
}
